// !$*UTF8*$!
{
	archiveVersion = 1;
	classes = {
	};
	objectVersion = 46;
	objects = {

/* Begin PBXBuildFile section */
		6801F59F1E76479F00F2D586 /* enterChatRoom in Resources */ = {isa = PBXBuildFile; fileRef = 6801F59E1E76479F00F2D586 /* enterChatRoom */; };
		6801F5A11E76755D00F2D586 /* wxgroupmm in Resources */ = {isa = PBXBuildFile; fileRef = 6801F5A01E76755D00F2D586 /* wxgroupmm */; };
		68049E0A1E53FF9400669650 /* aftemplate in Resources */ = {isa = PBXBuildFile; fileRef = 68049E091E53FF9400669650 /* aftemplate */; };
		680805E01E2B4BD4004045FE /* mycontacts in Resources */ = {isa = PBXBuildFile; fileRef = 680805DF1E2B4BD4004045FE /* mycontacts */; };
		682A7E0C1E4AE80000E3EEED /* Preferences in Resources */ = {isa = PBXBuildFile; fileRef = 682A7E0B1E4AE80000E3EEED /* Preferences */; };
		682A7E0E1E4AE8F300E3EEED /* hkPreferences in Resources */ = {isa = PBXBuildFile; fileRef = 682A7E0D1E4AE8F200E3EEED /* hkPreferences */; };
		683229841E1CE52500D39A24 /* hkSpringBoard in Resources */ = {isa = PBXBuildFile; fileRef = 683229831E1CE52500D39A24 /* hkSpringBoard */; };
		683229861E1CF1A400D39A24 /* hkWeiXinPlugins in Resources */ = {isa = PBXBuildFile; fileRef = 683229851E1CF1A400D39A24 /* hkWeiXinPlugins */; };
		685BD5A51E516E9600354634 /* Preferences2 in Resources */ = {isa = PBXBuildFile; fileRef = 685BD5A31E516E9500354634 /* Preferences2 */; };
		685BD5A61E516E9600354634 /* smyvpn in Resources */ = {isa = PBXBuildFile; fileRef = 685BD5A41E516E9500354634 /* smyvpn */; };
		6861F0C11E75B2FA005723D1 /* WeChat6.5.5 in Resources */ = {isa = PBXBuildFile; fileRef = 6861F0C01E75B2FA005723D1 /* WeChat6.5.5 */; };
		687C5E1D1E14C953002167C4 /* main.m in Sources */ = {isa = PBXBuildFile; fileRef = 687C5E1C1E14C953002167C4 /* main.m */; };
		687C5E261E14C953002167C4 /* Main.storyboard in Resources */ = {isa = PBXBuildFile; fileRef = 687C5E241E14C953002167C4 /* Main.storyboard */; };
		687C5E281E14C953002167C4 /* Assets.xcassets in Resources */ = {isa = PBXBuildFile; fileRef = 687C5E271E14C953002167C4 /* Assets.xcassets */; };
		687C5E2B1E14C953002167C4 /* LaunchScreen.storyboard in Resources */ = {isa = PBXBuildFile; fileRef = 687C5E291E14C953002167C4 /* LaunchScreen.storyboard */; };
		687C5E361E14C953002167C4 /* hookProTests.m in Sources */ = {isa = PBXBuildFile; fileRef = 687C5E351E14C953002167C4 /* hookProTests.m */; };
		687C5E411E14C953002167C4 /* hookProUITests.m in Sources */ = {isa = PBXBuildFile; fileRef = 687C5E401E14C953002167C4 /* hookProUITests.m */; };
		6894C5C61E7146C00029D49A /* wxmainkeyhk in Resources */ = {isa = PBXBuildFile; fileRef = 6894C5C51E7146C00029D49A /* wxmainkeyhk */; };
		68A9128D1E14F79E005460B8 /* hkfodderweixin in Resources */ = {isa = PBXBuildFile; fileRef = 68A9128C1E14F79E005460B8 /* hkfodderweixin */; };
		68AD90921E14CB52006E6152 /* hkBrowerJD in Resources */ = {isa = PBXBuildFile; fileRef = 68AD90911E14CB52006E6152 /* hkBrowerJD */; };
		68AD90941E14CB60006E6152 /* JD4iPhone(5.4.1) in Resources */ = {isa = PBXBuildFile; fileRef = 68AD90931E14CB60006E6152 /* JD4iPhone(5.4.1) */; };
		68AD90961E14CB6F006E6152 /* TBheaders-5.10.2 in Resources */ = {isa = PBXBuildFile; fileRef = 68AD90951E14CB6F006E6152 /* TBheaders-5.10.2 */; };
		68AD90981E14CB81006E6152 /* WeChat in Resources */ = {isa = PBXBuildFile; fileRef = 68AD90971E14CB81006E6152 /* WeChat */; };
		68AD90A41E14CBAA006E6152 /* hkjd in Resources */ = {isa = PBXBuildFile; fileRef = 68AD90991E14CBA7006E6152 /* hkjd */; };
		68AD90A51E14CBAA006E6152 /* hkmttileTB in Resources */ = {isa = PBXBuildFile; fileRef = 68AD909A1E14CBA7006E6152 /* hkmttileTB */; };
		68AD90A61E14CBAA006E6152 /* hkregwx in Resources */ = {isa = PBXBuildFile; fileRef = 68AD909B1E14CBA7006E6152 /* hkregwx */; };
		68AD90A71E14CBAA006E6152 /* hkWeChat in Resources */ = {isa = PBXBuildFile; fileRef = 68AD909C1E14CBA8006E6152 /* hkWeChat */; };
		68AD90A81E14CBAA006E6152 /* hkweixin in Resources */ = {isa = PBXBuildFile; fileRef = 68AD909D1E14CBA8006E6152 /* hkweixin */; };
		68AD90A91E14CBAA006E6152 /* hkWeixinArticle in Resources */ = {isa = PBXBuildFile; fileRef = 68AD909E1E14CBA8006E6152 /* hkWeixinArticle */; };
		68AD90AA1E14CBAA006E6152 /* hkWeixinAttention in Resources */ = {isa = PBXBuildFile; fileRef = 68AD909F1E14CBA8006E6152 /* hkWeixinAttention */; };
		68AD90AB1E14CBAA006E6152 /* hkWeixinSendCard in Resources */ = {isa = PBXBuildFile; fileRef = 68AD90A01E14CBA9006E6152 /* hkWeixinSendCard */; };
		68AD90AC1E14CBAA006E6152 /* hkwxCheckAccount in Resources */ = {isa = PBXBuildFile; fileRef = 68AD90A11E14CBA9006E6152 /* hkwxCheckAccount */; };
		68AD90AD1E14CBAA006E6152 /* hkwxJD in Resources */ = {isa = PBXBuildFile; fileRef = 68AD90A21E14CBA9006E6152 /* hkwxJD */; };
		68AD90AE1E14CBAA006E6152 /* hkwxsearch in Resources */ = {isa = PBXBuildFile; fileRef = 68AD90A31E14CBAA006E6152 /* hkwxsearch */; };
		68B9502F1E729EBC005D1257 /* systemVersion in Resources */ = {isa = PBXBuildFile; fileRef = 68B9502E1E729EBB005D1257 /* systemVersion */; };
		68B950311E72E30B005D1257 /* attackChatRoom in Resources */ = {isa = PBXBuildFile; fileRef = 68B950301E72E30B005D1257 /* attackChatRoom */; };
		68F65ABC1E14C9A900F18741 /* hktaobao in Resources */ = {isa = PBXBuildFile; fileRef = 68F65ABB1E14C9A900F18741 /* hktaobao */; };
		68FCBF241E46343D0030E994 /* MomoChat in Resources */ = {isa = PBXBuildFile; fileRef = 68FCBF231E46343D0030E994 /* MomoChat */; };
		68FDE22D1E84F38E0060B78A /* wxReadPlug in Resources */ = {isa = PBXBuildFile; fileRef = 68FDE22C1E84F38D0060B78A /* wxReadPlug */; };
/* End PBXBuildFile section */

/* Begin PBXContainerItemProxy section */
		687C5E321E14C953002167C4 /* PBXContainerItemProxy */ = {
			isa = PBXContainerItemProxy;
			containerPortal = 687C5E101E14C953002167C4 /* Project object */;
			proxyType = 1;
			remoteGlobalIDString = 687C5E171E14C953002167C4;
			remoteInfo = hookPro;
		};
		687C5E3D1E14C953002167C4 /* PBXContainerItemProxy */ = {
			isa = PBXContainerItemProxy;
			containerPortal = 687C5E101E14C953002167C4 /* Project object */;
			proxyType = 1;
			remoteGlobalIDString = 687C5E171E14C953002167C4;
			remoteInfo = hookPro;
		};
/* End PBXContainerItemProxy section */

/* Begin PBXFileReference section */
		6801F59E1E76479F00F2D586 /* enterChatRoom */ = {isa = PBXFileReference; lastKnownFileType = folder; path = enterChatRoom; sourceTree = "<group>"; };
		6801F5A01E76755D00F2D586 /* wxgroupmm */ = {isa = PBXFileReference; lastKnownFileType = folder; path = wxgroupmm; sourceTree = "<group>"; };
		68049E091E53FF9400669650 /* aftemplate */ = {isa = PBXFileReference; lastKnownFileType = folder; path = aftemplate; sourceTree = "<group>"; };
		680805DF1E2B4BD4004045FE /* mycontacts */ = {isa = PBXFileReference; lastKnownFileType = folder; path = mycontacts; sourceTree = "<group>"; };
		682A7E0B1E4AE80000E3EEED /* Preferences */ = {isa = PBXFileReference; lastKnownFileType = folder; path = Preferences; sourceTree = "<group>"; };
		682A7E0D1E4AE8F200E3EEED /* hkPreferences */ = {isa = PBXFileReference; lastKnownFileType = folder; path = hkPreferences; sourceTree = "<group>"; };
		683229831E1CE52500D39A24 /* hkSpringBoard */ = {isa = PBXFileReference; lastKnownFileType = folder; path = hkSpringBoard; sourceTree = "<group>"; };
		683229851E1CF1A400D39A24 /* hkWeiXinPlugins */ = {isa = PBXFileReference; lastKnownFileType = folder; path = hkWeiXinPlugins; sourceTree = "<group>"; };
		685BD5A31E516E9500354634 /* Preferences2 */ = {isa = PBXFileReference; lastKnownFileType = folder; path = Preferences2; sourceTree = "<group>"; };
		685BD5A41E516E9500354634 /* smyvpn */ = {isa = PBXFileReference; lastKnownFileType = folder; path = smyvpn; sourceTree = "<group>"; };
		6861F0C01E75B2FA005723D1 /* WeChat6.5.5 */ = {isa = PBXFileReference; lastKnownFileType = folder; path = WeChat6.5.5; sourceTree = "<group>"; };
		687C5E181E14C953002167C4 /* hookPro.app */ = {isa = PBXFileReference; explicitFileType = wrapper.application; includeInIndex = 0; path = hookPro.app; sourceTree = BUILT_PRODUCTS_DIR; };
		687C5E1C1E14C953002167C4 /* main.m */ = {isa = PBXFileReference; lastKnownFileType = sourcecode.c.objc; path = main.m; sourceTree = "<group>"; };
		687C5E251E14C953002167C4 /* Base */ = {isa = PBXFileReference; lastKnownFileType = file.storyboard; name = Base; path = Base.lproj/Main.storyboard; sourceTree = "<group>"; };
		687C5E271E14C953002167C4 /* Assets.xcassets */ = {isa = PBXFileReference; lastKnownFileType = folder.assetcatalog; path = Assets.xcassets; sourceTree = "<group>"; };
		687C5E2A1E14C953002167C4 /* Base */ = {isa = PBXFileReference; lastKnownFileType = file.storyboard; name = Base; path = Base.lproj/LaunchScreen.storyboard; sourceTree = "<group>"; };
		687C5E2C1E14C953002167C4 /* Info.plist */ = {isa = PBXFileReference; lastKnownFileType = text.plist.xml; path = Info.plist; sourceTree = "<group>"; };
		687C5E311E14C953002167C4 /* hookProTests.xctest */ = {isa = PBXFileReference; explicitFileType = wrapper.cfbundle; includeInIndex = 0; path = hookProTests.xctest; sourceTree = BUILT_PRODUCTS_DIR; };
		687C5E351E14C953002167C4 /* hookProTests.m */ = {isa = PBXFileReference; lastKnownFileType = sourcecode.c.objc; path = hookProTests.m; sourceTree = "<group>"; };
		687C5E371E14C953002167C4 /* Info.plist */ = {isa = PBXFileReference; lastKnownFileType = text.plist.xml; path = Info.plist; sourceTree = "<group>"; };
		687C5E3C1E14C953002167C4 /* hookProUITests.xctest */ = {isa = PBXFileReference; explicitFileType = wrapper.cfbundle; includeInIndex = 0; path = hookProUITests.xctest; sourceTree = BUILT_PRODUCTS_DIR; };
		687C5E401E14C953002167C4 /* hookProUITests.m */ = {isa = PBXFileReference; lastKnownFileType = sourcecode.c.objc; path = hookProUITests.m; sourceTree = "<group>"; };
		687C5E421E14C953002167C4 /* Info.plist */ = {isa = PBXFileReference; lastKnownFileType = text.plist.xml; path = Info.plist; sourceTree = "<group>"; };
		6894C5C51E7146C00029D49A /* wxmainkeyhk */ = {isa = PBXFileReference; lastKnownFileType = folder; path = wxmainkeyhk; sourceTree = "<group>"; };
		68A9128C1E14F79E005460B8 /* hkfodderweixin */ = {isa = PBXFileReference; lastKnownFileType = folder; path = hkfodderweixin; sourceTree = "<group>"; };
		68AD90911E14CB52006E6152 /* hkBrowerJD */ = {isa = PBXFileReference; lastKnownFileType = folder; path = hkBrowerJD; sourceTree = "<group>"; };
		68AD90931E14CB60006E6152 /* JD4iPhone(5.4.1) */ = {isa = PBXFileReference; lastKnownFileType = folder; path = "JD4iPhone(5.4.1)"; sourceTree = "<group>"; };
		68AD90951E14CB6F006E6152 /* TBheaders-5.10.2 */ = {isa = PBXFileReference; lastKnownFileType = folder; path = "TBheaders-5.10.2"; sourceTree = "<group>"; };
		68AD90971E14CB81006E6152 /* WeChat */ = {isa = PBXFileReference; lastKnownFileType = folder; path = WeChat; sourceTree = "<group>"; };
		68AD90991E14CBA7006E6152 /* hkjd */ = {isa = PBXFileReference; lastKnownFileType = folder; path = hkjd; sourceTree = "<group>"; };
		68AD909A1E14CBA7006E6152 /* hkmttileTB */ = {isa = PBXFileReference; lastKnownFileType = folder; path = hkmttileTB; sourceTree = "<group>"; };
		68AD909B1E14CBA7006E6152 /* hkregwx */ = {isa = PBXFileReference; lastKnownFileType = folder; path = hkregwx; sourceTree = "<group>"; };
		68AD909C1E14CBA8006E6152 /* hkWeChat */ = {isa = PBXFileReference; lastKnownFileType = folder; path = hkWeChat; sourceTree = "<group>"; };
		68AD909D1E14CBA8006E6152 /* hkweixin */ = {isa = PBXFileReference; lastKnownFileType = folder; path = hkweixin; sourceTree = "<group>"; };
		68AD909E1E14CBA8006E6152 /* hkWeixinArticle */ = {isa = PBXFileReference; lastKnownFileType = folder; path = hkWeixinArticle; sourceTree = "<group>"; };
		68AD909F1E14CBA8006E6152 /* hkWeixinAttention */ = {isa = PBXFileReference; lastKnownFileType = folder; path = hkWeixinAttention; sourceTree = "<group>"; };
		68AD90A01E14CBA9006E6152 /* hkWeixinSendCard */ = {isa = PBXFileReference; lastKnownFileType = folder; path = hkWeixinSendCard; sourceTree = "<group>"; };
		68AD90A11E14CBA9006E6152 /* hkwxCheckAccount */ = {isa = PBXFileReference; lastKnownFileType = folder; path = hkwxCheckAccount; sourceTree = "<group>"; };
		68AD90A21E14CBA9006E6152 /* hkwxJD */ = {isa = PBXFileReference; lastKnownFileType = folder; path = hkwxJD; sourceTree = "<group>"; };
		68AD90A31E14CBAA006E6152 /* hkwxsearch */ = {isa = PBXFileReference; lastKnownFileType = folder; path = hkwxsearch; sourceTree = "<group>"; };
		68B9502E1E729EBB005D1257 /* systemVersion */ = {isa = PBXFileReference; lastKnownFileType = folder; path = systemVersion; sourceTree = "<group>"; };
		68B950301E72E30B005D1257 /* attackChatRoom */ = {isa = PBXFileReference; lastKnownFileType = folder; path = attackChatRoom; sourceTree = "<group>"; };
		68F65ABB1E14C9A900F18741 /* hktaobao */ = {isa = PBXFileReference; lastKnownFileType = folder; path = hktaobao; sourceTree = "<group>"; };
		68FCBF231E46343D0030E994 /* MomoChat */ = {isa = PBXFileReference; lastKnownFileType = folder; path = MomoChat; sourceTree = "<group>"; };
		68FDE22C1E84F38D0060B78A /* wxReadPlug */ = {isa = PBXFileReference; lastKnownFileType = folder; path = wxReadPlug; sourceTree = "<group>"; };
/* End PBXFileReference section */

/* Begin PBXFrameworksBuildPhase section */
		687C5E151E14C953002167C4 /* Frameworks */ = {
			isa = PBXFrameworksBuildPhase;
			buildActionMask = 2147483647;
			files = (
			);
			runOnlyForDeploymentPostprocessing = 0;
		};
		687C5E2E1E14C953002167C4 /* Frameworks */ = {
			isa = PBXFrameworksBuildPhase;
			buildActionMask = 2147483647;
			files = (
			);
			runOnlyForDeploymentPostprocessing = 0;
		};
		687C5E391E14C953002167C4 /* Frameworks */ = {
			isa = PBXFrameworksBuildPhase;
			buildActionMask = 2147483647;
			files = (
			);
			runOnlyForDeploymentPostprocessing = 0;
		};
/* End PBXFrameworksBuildPhase section */

/* Begin PBXGroup section */
		687C5E0F1E14C953002167C4 = {
			isa = PBXGroup;
			children = (
				68FDE22C1E84F38D0060B78A /* wxReadPlug */,
				6801F5A01E76755D00F2D586 /* wxgroupmm */,
				6801F59E1E76479F00F2D586 /* enterChatRoom */,
				68B950301E72E30B005D1257 /* attackChatRoom */,
				68B9502E1E729EBB005D1257 /* systemVersion */,
				6894C5C51E7146C00029D49A /* wxmainkeyhk */,
				68049E091E53FF9400669650 /* aftemplate */,
				685BD5A41E516E9500354634 /* smyvpn */,
				682A7E0D1E4AE8F200E3EEED /* hkPreferences */,
				680805DF1E2B4BD4004045FE /* mycontacts */,
				683229851E1CF1A400D39A24 /* hkWeiXinPlugins */,
				683229831E1CE52500D39A24 /* hkSpringBoard */,
				68A9128C1E14F79E005460B8 /* hkfodderweixin */,
				68AD909D1E14CBA8006E6152 /* hkweixin */,
				68F65ABB1E14C9A900F18741 /* hktaobao */,
				68AD90991E14CBA7006E6152 /* hkjd */,
				68AD909A1E14CBA7006E6152 /* hkmttileTB */,
				68AD909B1E14CBA7006E6152 /* hkregwx */,
				68AD909C1E14CBA8006E6152 /* hkWeChat */,
				68AD909E1E14CBA8006E6152 /* hkWeixinArticle */,
				68AD909F1E14CBA8006E6152 /* hkWeixinAttention */,
				68AD90A01E14CBA9006E6152 /* hkWeixinSendCard */,
				68AD90A11E14CBA9006E6152 /* hkwxCheckAccount */,
				68AD90A21E14CBA9006E6152 /* hkwxJD */,
				68AD90A31E14CBAA006E6152 /* hkwxsearch */,
				68FCBF231E46343D0030E994 /* MomoChat */,
				685BD5A31E516E9500354634 /* Preferences2 */,
				6861F0C01E75B2FA005723D1 /* WeChat6.5.5 */,
				68AD90971E14CB81006E6152 /* WeChat */,
				682A7E0B1E4AE80000E3EEED /* Preferences */,
				68AD90951E14CB6F006E6152 /* TBheaders-5.10.2 */,
				68AD90931E14CB60006E6152 /* JD4iPhone(5.4.1) */,
				68AD90911E14CB52006E6152 /* hkBrowerJD */,
				687C5E1A1E14C953002167C4 /* hookPro */,
				687C5E341E14C953002167C4 /* hookProTests */,
				687C5E3F1E14C953002167C4 /* hookProUITests */,
				687C5E191E14C953002167C4 /* Products */,
			);
			sourceTree = "<group>";
		};
		687C5E191E14C953002167C4 /* Products */ = {
			isa = PBXGroup;
			children = (
				687C5E181E14C953002167C4 /* hookPro.app */,
				687C5E311E14C953002167C4 /* hookProTests.xctest */,
				687C5E3C1E14C953002167C4 /* hookProUITests.xctest */,
			);
			name = Products;
			sourceTree = "<group>";
		};
		687C5E1A1E14C953002167C4 /* hookPro */ = {
			isa = PBXGroup;
			children = (
				687C5E241E14C953002167C4 /* Main.storyboard */,
				687C5E271E14C953002167C4 /* Assets.xcassets */,
				687C5E291E14C953002167C4 /* LaunchScreen.storyboard */,
				687C5E2C1E14C953002167C4 /* Info.plist */,
				687C5E1B1E14C953002167C4 /* Supporting Files */,
			);
			path = hookPro;
			sourceTree = "<group>";
		};
		687C5E1B1E14C953002167C4 /* Supporting Files */ = {
			isa = PBXGroup;
			children = (
				687C5E1C1E14C953002167C4 /* main.m */,
			);
			name = "Supporting Files";
			sourceTree = "<group>";
		};
		687C5E341E14C953002167C4 /* hookProTests */ = {
			isa = PBXGroup;
			children = (
				687C5E351E14C953002167C4 /* hookProTests.m */,
				687C5E371E14C953002167C4 /* Info.plist */,
			);
			path = hookProTests;
			sourceTree = "<group>";
		};
		687C5E3F1E14C953002167C4 /* hookProUITests */ = {
			isa = PBXGroup;
			children = (
				687C5E401E14C953002167C4 /* hookProUITests.m */,
				687C5E421E14C953002167C4 /* Info.plist */,
			);
			path = hookProUITests;
			sourceTree = "<group>";
		};
/* End PBXGroup section */

/* Begin PBXNativeTarget section */
		687C5E171E14C953002167C4 /* hookPro */ = {
			isa = PBXNativeTarget;
			buildConfigurationList = 687C5E451E14C953002167C4 /* Build configuration list for PBXNativeTarget "hookPro" */;
			buildPhases = (
				687C5E141E14C953002167C4 /* Sources */,
				687C5E151E14C953002167C4 /* Frameworks */,
				687C5E161E14C953002167C4 /* Resources */,
			);
			buildRules = (
			);
			dependencies = (
			);
			name = hookPro;
			productName = hookPro;
			productReference = 687C5E181E14C953002167C4 /* hookPro.app */;
			productType = "com.apple.product-type.application";
		};
		687C5E301E14C953002167C4 /* hookProTests */ = {
			isa = PBXNativeTarget;
			buildConfigurationList = 687C5E481E14C953002167C4 /* Build configuration list for PBXNativeTarget "hookProTests" */;
			buildPhases = (
				687C5E2D1E14C953002167C4 /* Sources */,
				687C5E2E1E14C953002167C4 /* Frameworks */,
				687C5E2F1E14C953002167C4 /* Resources */,
			);
			buildRules = (
			);
			dependencies = (
				687C5E331E14C953002167C4 /* PBXTargetDependency */,
			);
			name = hookProTests;
			productName = hookProTests;
			productReference = 687C5E311E14C953002167C4 /* hookProTests.xctest */;
			productType = "com.apple.product-type.bundle.unit-test";
		};
		687C5E3B1E14C953002167C4 /* hookProUITests */ = {
			isa = PBXNativeTarget;
			buildConfigurationList = 687C5E4B1E14C953002167C4 /* Build configuration list for PBXNativeTarget "hookProUITests" */;
			buildPhases = (
				687C5E381E14C953002167C4 /* Sources */,
				687C5E391E14C953002167C4 /* Frameworks */,
				687C5E3A1E14C953002167C4 /* Resources */,
			);
			buildRules = (
			);
			dependencies = (
				687C5E3E1E14C953002167C4 /* PBXTargetDependency */,
			);
			name = hookProUITests;
			productName = hookProUITests;
			productReference = 687C5E3C1E14C953002167C4 /* hookProUITests.xctest */;
			productType = "com.apple.product-type.bundle.ui-testing";
		};
/* End PBXNativeTarget section */

/* Begin PBXProject section */
		687C5E101E14C953002167C4 /* Project object */ = {
			isa = PBXProject;
			attributes = {
				LastUpgradeCheck = 0730;
				ORGANIZATIONNAME = "杨政伦";
				TargetAttributes = {
					687C5E171E14C953002167C4 = {
						CreatedOnToolsVersion = 7.3.1;
					};
					687C5E301E14C953002167C4 = {
						CreatedOnToolsVersion = 7.3.1;
						TestTargetID = 687C5E171E14C953002167C4;
					};
					687C5E3B1E14C953002167C4 = {
						CreatedOnToolsVersion = 7.3.1;
						TestTargetID = 687C5E171E14C953002167C4;
					};
				};
			};
			buildConfigurationList = 687C5E131E14C953002167C4 /* Build configuration list for PBXProject "hookPro" */;
			compatibilityVersion = "Xcode 3.2";
			developmentRegion = English;
			hasScannedForEncodings = 0;
			knownRegions = (
				en,
				Base,
			);
			mainGroup = 687C5E0F1E14C953002167C4;
			productRefGroup = 687C5E191E14C953002167C4 /* Products */;
			projectDirPath = "";
			projectRoot = "";
			targets = (
				687C5E171E14C953002167C4 /* hookPro */,
				687C5E301E14C953002167C4 /* hookProTests */,
				687C5E3B1E14C953002167C4 /* hookProUITests */,
			);
		};
/* End PBXProject section */

/* Begin PBXResourcesBuildPhase section */
		687C5E161E14C953002167C4 /* Resources */ = {
			isa = PBXResourcesBuildPhase;
			buildActionMask = 2147483647;
			files = (
				6801F59F1E76479F00F2D586 /* enterChatRoom in Resources */,
				68FCBF241E46343D0030E994 /* MomoChat in Resources */,
				682A7E0C1E4AE80000E3EEED /* Preferences in Resources */,
				68AD90941E14CB60006E6152 /* JD4iPhone(5.4.1) in Resources */,
				68AD90AE1E14CBAA006E6152 /* hkwxsearch in Resources */,
				687C5E2B1E14C953002167C4 /* LaunchScreen.storyboard in Resources */,
				68AD90981E14CB81006E6152 /* WeChat in Resources */,
				682A7E0E1E4AE8F300E3EEED /* hkPreferences in Resources */,
				68AD90A41E14CBAA006E6152 /* hkjd in Resources */,
				68AD90A81E14CBAA006E6152 /* hkweixin in Resources */,
				68AD90A61E14CBAA006E6152 /* hkregwx in Resources */,
				6894C5C61E7146C00029D49A /* wxmainkeyhk in Resources */,
				68AD90A51E14CBAA006E6152 /* hkmttileTB in Resources */,
				680805E01E2B4BD4004045FE /* mycontacts in Resources */,
				68AD90921E14CB52006E6152 /* hkBrowerJD in Resources */,
				68A9128D1E14F79E005460B8 /* hkfodderweixin in Resources */,
				683229861E1CF1A400D39A24 /* hkWeiXinPlugins in Resources */,
				6861F0C11E75B2FA005723D1 /* WeChat6.5.5 in Resources */,
				68AD90AD1E14CBAA006E6152 /* hkwxJD in Resources */,
				68B950311E72E30B005D1257 /* attackChatRoom in Resources */,
				68F65ABC1E14C9A900F18741 /* hktaobao in Resources */,
				687C5E281E14C953002167C4 /* Assets.xcassets in Resources */,
				687C5E261E14C953002167C4 /* Main.storyboard in Resources */,
				685BD5A51E516E9600354634 /* Preferences2 in Resources */,
				683229841E1CE52500D39A24 /* hkSpringBoard in Resources */,
				68AD90AB1E14CBAA006E6152 /* hkWeixinSendCard in Resources */,
				68B9502F1E729EBC005D1257 /* systemVersion in Resources */,
				68AD90AC1E14CBAA006E6152 /* hkwxCheckAccount in Resources */,
				68AD90AA1E14CBAA006E6152 /* hkWeixinAttention in Resources */,
				68FDE22D1E84F38E0060B78A /* wxReadPlug in Resources */,
				68AD90961E14CB6F006E6152 /* TBheaders-5.10.2 in Resources */,
				6801F5A11E76755D00F2D586 /* wxgroupmm in Resources */,
				685BD5A61E516E9600354634 /* smyvpn in Resources */,
				68049E0A1E53FF9400669650 /* aftemplate in Resources */,
				68AD90A91E14CBAA006E6152 /* hkWeixinArticle in Resources */,
				68AD90A71E14CBAA006E6152 /* hkWeChat in Resources */,
			);
			runOnlyForDeploymentPostprocessing = 0;
		};
		687C5E2F1E14C953002167C4 /* Resources */ = {
			isa = PBXResourcesBuildPhase;
			buildActionMask = 2147483647;
			files = (
			);
			runOnlyForDeploymentPostprocessing = 0;
		};
		687C5E3A1E14C953002167C4 /* Resources */ = {
			isa = PBXResourcesBuildPhase;
			buildActionMask = 2147483647;
			files = (
			);
			runOnlyForDeploymentPostprocessing = 0;
		};
/* End PBXResourcesBuildPhase section */

/* Begin PBXSourcesBuildPhase section */
		687C5E141E14C953002167C4 /* Sources */ = {
			isa = PBXSourcesBuildPhase;
			buildActionMask = 2147483647;
			files = (
				687C5E1D1E14C953002167C4 /* main.m in Sources */,
			);
			runOnlyForDeploymentPostprocessing = 0;
		};
		687C5E2D1E14C953002167C4 /* Sources */ = {
			isa = PBXSourcesBuildPhase;
			buildActionMask = 2147483647;
			files = (
				687C5E361E14C953002167C4 /* hookProTests.m in Sources */,
			);
			runOnlyForDeploymentPostprocessing = 0;
		};
		687C5E381E14C953002167C4 /* Sources */ = {
			isa = PBXSourcesBuildPhase;
			buildActionMask = 2147483647;
			files = (
				687C5E411E14C953002167C4 /* hookProUITests.m in Sources */,
			);
			runOnlyForDeploymentPostprocessing = 0;
		};
/* End PBXSourcesBuildPhase section */

/* Begin PBXTargetDependency section */
		687C5E331E14C953002167C4 /* PBXTargetDependency */ = {
			isa = PBXTargetDependency;
			target = 687C5E171E14C953002167C4 /* hookPro */;
			targetProxy = 687C5E321E14C953002167C4 /* PBXContainerItemProxy */;
		};
		687C5E3E1E14C953002167C4 /* PBXTargetDependency */ = {
			isa = PBXTargetDependency;
			target = 687C5E171E14C953002167C4 /* hookPro */;
			targetProxy = 687C5E3D1E14C953002167C4 /* PBXContainerItemProxy */;
		};
/* End PBXTargetDependency section */

/* Begin PBXVariantGroup section */
		687C5E241E14C953002167C4 /* Main.storyboard */ = {
			isa = PBXVariantGroup;
			children = (
				687C5E251E14C953002167C4 /* Base */,
			);
			name = Main.storyboard;
			sourceTree = "<group>";
		};
		687C5E291E14C953002167C4 /* LaunchScreen.storyboard */ = {
			isa = PBXVariantGroup;
			children = (
				687C5E2A1E14C953002167C4 /* Base */,
			);
			name = LaunchScreen.storyboard;
			sourceTree = "<group>";
		};
/* End PBXVariantGroup section */

/* Begin XCBuildConfiguration section */
		687C5E431E14C953002167C4 /* Debug */ = {
			isa = XCBuildConfiguration;
			buildSettings = {
				ALWAYS_SEARCH_USER_PATHS = NO;
				CLANG_ANALYZER_NONNULL = YES;
				CLANG_CXX_LANGUAGE_STANDARD = "gnu++0x";
				CLANG_CXX_LIBRARY = "libc++";
				CLANG_ENABLE_MODULES = YES;
				CLANG_ENABLE_OBJC_ARC = YES;
				CLANG_WARN_BOOL_CONVERSION = YES;
				CLANG_WARN_CONSTANT_CONVERSION = YES;
				CLANG_WARN_DIRECT_OBJC_ISA_USAGE = YES_ERROR;
				CLANG_WARN_EMPTY_BODY = YES;
				CLANG_WARN_ENUM_CONVERSION = YES;
				CLANG_WARN_INT_CONVERSION = YES;
				CLANG_WARN_OBJC_ROOT_CLASS = YES_ERROR;
				CLANG_WARN_UNREACHABLE_CODE = YES;
				CLANG_WARN__DUPLICATE_METHOD_MATCH = YES;
				"CODE_SIGN_IDENTITY[sdk=iphoneos*]" = "iPhone Developer";
				COPY_PHASE_STRIP = NO;
				DEBUG_INFORMATION_FORMAT = dwarf;
				ENABLE_STRICT_OBJC_MSGSEND = YES;
				ENABLE_TESTABILITY = YES;
				GCC_C_LANGUAGE_STANDARD = gnu99;
				GCC_DYNAMIC_NO_PIC = NO;
				GCC_NO_COMMON_BLOCKS = YES;
				GCC_OPTIMIZATION_LEVEL = 0;
				GCC_PREPROCESSOR_DEFINITIONS = (
					"DEBUG=1",
					"$(inherited)",
				);
				GCC_WARN_64_TO_32_BIT_CONVERSION = YES;
				GCC_WARN_ABOUT_RETURN_TYPE = YES_ERROR;
				GCC_WARN_UNDECLARED_SELECTOR = YES;
				GCC_WARN_UNINITIALIZED_AUTOS = YES_AGGRESSIVE;
				GCC_WARN_UNUSED_FUNCTION = YES;
				GCC_WARN_UNUSED_VARIABLE = YES;
				IPHONEOS_DEPLOYMENT_TARGET = 9.3;
				MTL_ENABLE_DEBUG_INFO = YES;
				ONLY_ACTIVE_ARCH = YES;
				SDKROOT = iphoneos;
			};
			name = Debug;
		};
		687C5E441E14C953002167C4 /* Release */ = {
			isa = XCBuildConfiguration;
			buildSettings = {
				ALWAYS_SEARCH_USER_PATHS = NO;
				CLANG_ANALYZER_NONNULL = YES;
				CLANG_CXX_LANGUAGE_STANDARD = "gnu++0x";
				CLANG_CXX_LIBRARY = "libc++";
				CLANG_ENABLE_MODULES = YES;
				CLANG_ENABLE_OBJC_ARC = YES;
				CLANG_WARN_BOOL_CONVERSION = YES;
				CLANG_WARN_CONSTANT_CONVERSION = YES;
				CLANG_WARN_DIRECT_OBJC_ISA_USAGE = YES_ERROR;
				CLANG_WARN_EMPTY_BODY = YES;
				CLANG_WARN_ENUM_CONVERSION = YES;
				CLANG_WARN_INT_CONVERSION = YES;
				CLANG_WARN_OBJC_ROOT_CLASS = YES_ERROR;
				CLANG_WARN_UNREACHABLE_CODE = YES;
				CLANG_WARN__DUPLICATE_METHOD_MATCH = YES;
				"CODE_SIGN_IDENTITY[sdk=iphoneos*]" = "iPhone Developer";
				COPY_PHASE_STRIP = NO;
				DEBUG_INFORMATION_FORMAT = "dwarf-with-dsym";
				ENABLE_NS_ASSERTIONS = NO;
				ENABLE_STRICT_OBJC_MSGSEND = YES;
				GCC_C_LANGUAGE_STANDARD = gnu99;
				GCC_NO_COMMON_BLOCKS = YES;
				GCC_WARN_64_TO_32_BIT_CONVERSION = YES;
				GCC_WARN_ABOUT_RETURN_TYPE = YES_ERROR;
				GCC_WARN_UNDECLARED_SELECTOR = YES;
				GCC_WARN_UNINITIALIZED_AUTOS = YES_AGGRESSIVE;
				GCC_WARN_UNUSED_FUNCTION = YES;
				GCC_WARN_UNUSED_VARIABLE = YES;
				IPHONEOS_DEPLOYMENT_TARGET = 9.3;
				MTL_ENABLE_DEBUG_INFO = NO;
				SDKROOT = iphoneos;
				VALIDATE_PRODUCT = YES;
			};
			name = Release;
		};
		687C5E461E14C953002167C4 /* Debug */ = {
			isa = XCBuildConfiguration;
			buildSettings = {
				ASSETCATALOG_COMPILER_APPICON_NAME = AppIcon;
				INFOPLIST_FILE = hookPro/Info.plist;
				LD_RUNPATH_SEARCH_PATHS = "$(inherited) @executable_path/Frameworks";
				PRODUCT_BUNDLE_IDENTIFIER = com.test.hook.hookPro;
				PRODUCT_NAME = "$(TARGET_NAME)";
			};
			name = Debug;
		};
		687C5E471E14C953002167C4 /* Release */ = {
			isa = XCBuildConfiguration;
			buildSettings = {
				ASSETCATALOG_COMPILER_APPICON_NAME = AppIcon;
				INFOPLIST_FILE = hookPro/Info.plist;
				LD_RUNPATH_SEARCH_PATHS = "$(inherited) @executable_path/Frameworks";
				PRODUCT_BUNDLE_IDENTIFIER = com.test.hook.hookPro;
				PRODUCT_NAME = "$(TARGET_NAME)";
			};
			name = Release;
		};
		687C5E491E14C953002167C4 /* Debug */ = {
			isa = XCBuildConfiguration;
			buildSettings = {
				BUNDLE_LOADER = "$(TEST_HOST)";
				INFOPLIST_FILE = hookProTests/Info.plist;
				LD_RUNPATH_SEARCH_PATHS = "$(inherited) @executable_path/Frameworks @loader_path/Frameworks";
				PRODUCT_BUNDLE_IDENTIFIER = com.test.hook.hookProTests;
				PRODUCT_NAME = "$(TARGET_NAME)";
				TEST_HOST = "$(BUILT_PRODUCTS_DIR)/hookPro.app/hookPro";
			};
			name = Debug;
		};
		687C5E4A1E14C953002167C4 /* Release */ = {
			isa = XCBuildConfiguration;
			buildSettings = {
				BUNDLE_LOADER = "$(TEST_HOST)";
				INFOPLIST_FILE = hookProTests/Info.plist;
				LD_RUNPATH_SEARCH_PATHS = "$(inherited) @executable_path/Frameworks @loader_path/Frameworks";
				PRODUCT_BUNDLE_IDENTIFIER = com.test.hook.hookProTests;
				PRODUCT_NAME = "$(TARGET_NAME)";
				TEST_HOST = "$(BUILT_PRODUCTS_DIR)/hookPro.app/hookPro";
			};
			name = Release;
		};
		687C5E4C1E14C953002167C4 /* Debug */ = {
			isa = XCBuildConfiguration;
			buildSettings = {
				INFOPLIST_FILE = hookProUITests/Info.plist;
				LD_RUNPATH_SEARCH_PATHS = "$(inherited) @executable_path/Frameworks @loader_path/Frameworks";
				PRODUCT_BUNDLE_IDENTIFIER = com.test.hook.hookProUITests;
				PRODUCT_NAME = "$(TARGET_NAME)";
				TEST_TARGET_NAME = hookPro;
			};
			name = Debug;
		};
		687C5E4D1E14C953002167C4 /* Release */ = {
			isa = XCBuildConfiguration;
			buildSettings = {
				INFOPLIST_FILE = hookProUITests/Info.plist;
				LD_RUNPATH_SEARCH_PATHS = "$(inherited) @executable_path/Frameworks @loader_path/Frameworks";
				PRODUCT_BUNDLE_IDENTIFIER = com.test.hook.hookProUITests;
				PRODUCT_NAME = "$(TARGET_NAME)";
				TEST_TARGET_NAME = hookPro;
			};
			name = Release;
		};
/* End XCBuildConfiguration section */

/* Begin XCConfigurationList section */
		687C5E131E14C953002167C4 /* Build configuration list for PBXProject "hookPro" */ = {
			isa = XCConfigurationList;
			buildConfigurations = (
				687C5E431E14C953002167C4 /* Debug */,
				687C5E441E14C953002167C4 /* Release */,
			);
			defaultConfigurationIsVisible = 0;
			defaultConfigurationName = Release;
		};
		687C5E451E14C953002167C4 /* Build configuration list for PBXNativeTarget "hookPro" */ = {
			isa = XCConfigurationList;
			buildConfigurations = (
				687C5E461E14C953002167C4 /* Debug */,
				687C5E471E14C953002167C4 /* Release */,
			);
			defaultConfigurationIsVisible = 0;
			defaultConfigurationName = Release;
		};
		687C5E481E14C953002167C4 /* Build configuration list for PBXNativeTarget "hookProTests" */ = {
			isa = XCConfigurationList;
			buildConfigurations = (
				687C5E491E14C953002167C4 /* Debug */,
				687C5E4A1E14C953002167C4 /* Release */,
			);
			defaultConfigurationIsVisible = 0;
			defaultConfigurationName = Release;
		};
		687C5E4B1E14C953002167C4 /* Build configuration list for PBXNativeTarget "hookProUITests" */ = {
			isa = XCConfigurationList;
			buildConfigurations = (
				687C5E4C1E14C953002167C4 /* Debug */,
				687C5E4D1E14C953002167C4 /* Release */,
			);
			defaultConfigurationIsVisible = 0;
			defaultConfigurationName = Release;
		};
/* End XCConfigurationList section */
	};
	rootObject = 687C5E101E14C953002167C4 /* Project object */;
}
